
Microsoft Visual Studio Solution File, Format Version 12.00
# Visual Studio Version 16
VisualStudioVersion = 16.0.31321.278
MinimumVisualStudioVersion = 10.0.40219.1
Project("{FAE04EC0-301F-11D3-BF4B-00C04F79EFBC}") = "ChatHubWebApplication", "ChatHubWebApplication.csproj", "{0D2E6E5B-B418-4E04-8C6B-11CD74816DBB}"
EndProject
Global
	GlobalSection(SolutionConfigurationPlatforms) = preSolution
		Debug|Any CPU = Debug|Any CPU
		Release|Any CPU = Release|Any CPU
	EndGlobalSection
	GlobalSection(ProjectConfigurationPlatforms) = postSolution
		{0D2E6E5B-B418-4E04-8C6B-11CD74816DBB}.Debug|Any CPU.ActiveCfg = Debug|Any CPU
		{0D2E6E5B-B418-4E04-8C6B-11CD74816DBB}.Debug|Any CPU.Build.0 = Debug|Any CPU
		{0D2E6E5B-B418-4E04-8C6B-11CD74816DBB}.Release|Any CPU.ActiveCfg = Release|Any CPU
		{0D2E6E5B-B418-4E04-8C6B-11CD74816DBB}.Release|Any CPU.Build.0 = Release|Any CPU
	EndGlobalSection
	GlobalSection(SolutionProperties) = preSolution
		HideSolutionNode = FALSE
	EndGlobalSection
	GlobalSection(ExtensibilityGlobals) = postSolution
		SolutionGuid = {8B6DAD79-6E2D-47D0-A082-BFB0FA19D004}
	EndGlobalSection
EndGlobal
